
Microsoft Visual Studio Solution File, Format Version 12.00
# Visual Studio Version 17
VisualStudioVersion = 17.0.32014.148
MinimumVisualStudioVersion = 10.0.40219.1
Project("{9A19103F-16F7-4668-BE54-9A1E7A4F7556}") = "Test.Ecommerce", "Test.Ecommerce\Test.Ecommerce.csproj", "{6990C803-7A8D-4DBB-B7FF-DB7F8D6D8F6F}"
EndProject
Project("{FAE04EC0-301F-11D3-BF4B-00C04F79EFBC}") = "Test.Ecommerce.Customers", "Test.Ecommerce.Customers\Test.Ecommerce.Customers.csproj", "{0A84E66C-76ED-44A5-9630-7643E622CAD4}"
EndProject
Project("{FAE04EC0-301F-11D3-BF4B-00C04F79EFBC}") = "Test.Ecommerce.Products", "Test.Ecommerce.Products\Test.Ecommerce.Products.csproj", "{4ED699C8-99AB-4E31-AD91-085ACECCE678}"
EndProject
Project("{FAE04EC0-301F-11D3-BF4B-00C04F79EFBC}") = "Test.Ecommerce.Transactions", "Test.Ecommerce.Transactions\Test.Ecommerce.Transactions.csproj", "{904EFE4A-9F2D-4CD8-8BD4-A417BD11FF63}"
EndProject
Global
	GlobalSection(SolutionConfigurationPlatforms) = preSolution
		Debug|Any CPU = Debug|Any CPU
		Release|Any CPU = Release|Any CPU
	EndGlobalSection
	GlobalSection(ProjectConfigurationPlatforms) = postSolution
		{6990C803-7A8D-4DBB-B7FF-DB7F8D6D8F6F}.Debug|Any CPU.ActiveCfg = Debug|Any CPU
		{6990C803-7A8D-4DBB-B7FF-DB7F8D6D8F6F}.Debug|Any CPU.Build.0 = Debug|Any CPU
		{6990C803-7A8D-4DBB-B7FF-DB7F8D6D8F6F}.Release|Any CPU.ActiveCfg = Release|Any CPU
		{6990C803-7A8D-4DBB-B7FF-DB7F8D6D8F6F}.Release|Any CPU.Build.0 = Release|Any CPU
		{0A84E66C-76ED-44A5-9630-7643E622CAD4}.Debug|Any CPU.ActiveCfg = Debug|Any CPU
		{0A84E66C-76ED-44A5-9630-7643E622CAD4}.Debug|Any CPU.Build.0 = Debug|Any CPU
		{0A84E66C-76ED-44A5-9630-7643E622CAD4}.Release|Any CPU.ActiveCfg = Release|Any CPU
		{0A84E66C-76ED-44A5-9630-7643E622CAD4}.Release|Any CPU.Build.0 = Release|Any CPU
		{4ED699C8-99AB-4E31-AD91-085ACECCE678}.Debug|Any CPU.ActiveCfg = Debug|Any CPU
		{4ED699C8-99AB-4E31-AD91-085ACECCE678}.Debug|Any CPU.Build.0 = Debug|Any CPU
		{4ED699C8-99AB-4E31-AD91-085ACECCE678}.Release|Any CPU.ActiveCfg = Release|Any CPU
		{4ED699C8-99AB-4E31-AD91-085ACECCE678}.Release|Any CPU.Build.0 = Release|Any CPU
		{904EFE4A-9F2D-4CD8-8BD4-A417BD11FF63}.Debug|Any CPU.ActiveCfg = Debug|Any CPU
		{904EFE4A-9F2D-4CD8-8BD4-A417BD11FF63}.Debug|Any CPU.Build.0 = Debug|Any CPU
		{904EFE4A-9F2D-4CD8-8BD4-A417BD11FF63}.Release|Any CPU.ActiveCfg = Release|Any CPU
		{904EFE4A-9F2D-4CD8-8BD4-A417BD11FF63}.Release|Any CPU.Build.0 = Release|Any CPU
	EndGlobalSection
	GlobalSection(SolutionProperties) = preSolution
		HideSolutionNode = FALSE
	EndGlobalSection
	GlobalSection(ExtensibilityGlobals) = postSolution
		SolutionGuid = {F3AE2F0E-2772-45AA-8BC4-BD26B9C95C4B}
	EndGlobalSection
EndGlobal
